{
  "name": "Assesment",
  "lockfileVersion": 3,
  "requires": true,
  "packages": {
    "": {
      "dependencies": {
        "@types/react-csv": "^1.1.10",
        "chart.js": "^4.5.1",
        "react-csv": "^2.2.2"
      }
    },
    "node_modules/@kurkle/color": {
      "version": "0.3.4",
      "resolved": "https://registry.npmjs.org/@kurkle/color/-/color-0.3.4.tgz",
      "integrity": "sha512-M5UknZPHRu3DEDWoipU6sE8PdkZ6Z/S+v4dD+Ke8IaNlpdSQah50lz1KtcFBa2vsdOnwbbnxJwVM4wty6udA5w==",
      "license": "MIT"
    },
    "node_modules/@types/react": {
      "version": "19.2.13",
      "resolved": "https://registry.npmjs.org/@types/react/-/react-19.2.13.tgz",
      "integrity": "sha512-KkiJeU6VbYbUOp5ITMIc7kBfqlYkKA5KhEHVrGMmUUMt7NeaZg65ojdPk+FtNrBAOXNVM5QM72jnADjM+XVRAQ==",
      "license": "MIT",
      "dependencies": {
        "csstype": "^3.2.2"
      }
    },
    "node_modules/@types/react-csv": {
      "version": "1.1.10",
      "resolved": "https://registry.npmjs.org/@types/react-csv/-/react-csv-1.1.10.tgz",
      "integrity": "sha512-PESAyASL7Nfi/IyBR3ufd8qZkyoS+7jOylKmJxRZUZLFASLo4NZaRsJ8rNP8pCcbIziADyWBbLPD1nPddhsL4g==",
      "license": "MIT",
      "dependencies": {
        "@types/react": "*"
      }
    },
    "node_modules/chart.js": {
      "version": "4.5.1",
      "resolved": "https://registry.npmjs.org/chart.js/-/chart.js-4.5.1.tgz",
      "integrity": "sha512-GIjfiT9dbmHRiYi6Nl2yFCq7kkwdkp1W/lp2J99rX0yo9tgJGn3lKQATztIjb5tVtevcBtIdICNWqlq5+E8/Pw==",
      "license": "MIT",
      "dependencies": {
        "@kurkle/color": "^0.3.0"
      },
      "engines": {
        "pnpm": ">=8"
      }
    },
    "node_modules/csstype": {
      "version": "3.2.3",
      "resolved": "https://registry.npmjs.org/csstype/-/csstype-3.2.3.tgz",
      "integrity": "sha512-z1HGKcYy2xA8AGQfwrn0PAy+PB7X/GSj3UVJW9qKyn43xWa+gl5nXmU4qqLMRzWVLFC8KusUX8T/0kCiOYpAIQ==",
      "license": "MIT"
    },
    "node_modules/react-csv": {
      "version": "2.2.2",
      "resolved": "https://registry.npmjs.org/react-csv/-/react-csv-2.2.2.tgz",
      "integrity": "sha512-RG5hOcZKZFigIGE8LxIEV/OgS1vigFQT4EkaHeKgyuCbUAu9Nbd/1RYq++bJcJJ9VOqO/n9TZRADsXNDR4VEpw==",
      "license": "MIT"
    }
  }
}
